
Microsoft Visual Studio Solution File, Format Version 12.00
# Visual Studio Version 16
VisualStudioVersion = 16.0.810.6
MinimumVisualStudioVersion = 10.0.40219.1
Project("{FAE04EC0-301F-11D3-BF4B-00C04F79EFBC}") = "HPlusSportAPI", "HPlusSportAPI\HPlusSportAPI.csproj", "{A169B486-ADA9-4608-AB91-DC9C0C6813F0}"
EndProject
Global
	GlobalSection(SolutionConfigurationPlatforms) = preSolution
		Debug|Any CPU = Debug|Any CPU
		Release|Any CPU = Release|Any CPU
	EndGlobalSection
	GlobalSection(ProjectConfigurationPlatforms) = postSolution
		{A169B486-ADA9-4608-AB91-DC9C0C6813F0}.Debug|Any CPU.ActiveCfg = Debug|Any CPU
		{A169B486-ADA9-4608-AB91-DC9C0C6813F0}.Debug|Any CPU.Build.0 = Debug|Any CPU
		{A169B486-ADA9-4608-AB91-DC9C0C6813F0}.Release|Any CPU.ActiveCfg = Release|Any CPU
		{A169B486-ADA9-4608-AB91-DC9C0C6813F0}.Release|Any CPU.Build.0 = Release|Any CPU
	EndGlobalSection
	GlobalSection(SolutionProperties) = preSolution
		HideSolutionNode = FALSE
	EndGlobalSection
	GlobalSection(ExtensibilityGlobals) = postSolution
		SolutionGuid = {98D6766A-8347-4C0B-9FB4-E8442985BD4C}
	EndGlobalSection
EndGlobal
